
Microsoft Visual Studio Solution File, Format Version 12.00
# Visual Studio Version 16
VisualStudioVersion = 16.0.32901.82
MinimumVisualStudioVersion = 10.0.40219.1
Project("{8BC9CEB8-8B4A-11D0-8D11-00A0C91BC942}") = "UnrealDbgDll", "UnrealDbgDll\UnrealDbgDll.vcxproj", "{FC047E85-1CAF-4668-A4A2-E3F7501C8BEA}"
EndProject
Project("{8BC9CEB8-8B4A-11D0-8D11-00A0C91BC942}") = "Hook", "Hook\Hook.vcxproj", "{413FDE8A-1144-4C1B-B6FD-354227A78848}"
EndProject
Project("{8BC9CEB8-8B4A-11D0-8D11-00A0C91BC942}") = "Loader", "Loader\Loader.vcxproj", "{105B7E21-03C4-414D-A060-5AABB4D708FE}"
EndProject
Project("{8BC9CEB8-8B4A-11D0-8D11-00A0C91BC942}") = "DbgkSysWin10", "DbgkSysWin10\DbgkSysWin10.vcxproj", "{C26EF961-AABF-4107-BD02-C4D5CAF155D8}"
EndProject
Project("{8BC9CEB8-8B4A-11D0-8D11-00A0C91BC942}") = "DbgkSysWin11", "DbgkSysWin11\DbgkSysWin11.vcxproj", "{6D281073-FCA3-45A1-935A-1604CEDBBE79}"
EndProject
Project("{8BC9CEB8-8B4A-11D0-8D11-00A0C91BC942}") = "VT_Driver", "VT_Driver\VT_Driver.vcxproj", "{B41C66E0-04F8-4049-B41F-5A0D15B1DAD7}"
EndProject
Global
	GlobalSection(SolutionConfigurationPlatforms) = preSolution
		Debug|ARM = Debug|ARM
		Debug|ARM64 = Debug|ARM64
		Debug|x64 = Debug|x64
		Debug|x86 = Debug|x86
		Release|ARM = Release|ARM
		Release|ARM64 = Release|ARM64
		Release|x64 = Release|x64
		Release|x86 = Release|x86
		Win10 Debug|ARM = Win10 Debug|ARM
		Win10 Debug|ARM64 = Win10 Debug|ARM64
		Win10 Debug|x64 = Win10 Debug|x64
		Win10 Debug|x86 = Win10 Debug|x86
		Win10 Release|ARM = Win10 Release|ARM
		Win10 Release|ARM64 = Win10 Release|ARM64
		Win10 Release|x64 = Win10 Release|x64
		Win10 Release|x86 = Win10 Release|x86
		Win7 Debug|ARM = Win7 Debug|ARM
		Win7 Debug|ARM64 = Win7 Debug|ARM64
		Win7 Debug|x64 = Win7 Debug|x64
		Win7 Debug|x86 = Win7 Debug|x86
	EndGlobalSection
	GlobalSection(ProjectConfigurationPlatforms) = postSolution
		{FC047E85-1CAF-4668-A4A2-E3F7501C8BEA}.Debug|ARM.ActiveCfg = Release|x64
		{FC047E85-1CAF-4668-A4A2-E3F7501C8BEA}.Debug|ARM64.ActiveCfg = Release|x64
		{FC047E85-1CAF-4668-A4A2-E3F7501C8BEA}.Debug|x64.ActiveCfg = Release|x64
		{FC047E85-1CAF-4668-A4A2-E3F7501C8BEA}.Debug|x64.Build.0 = Release|x64
		{FC047E85-1CAF-4668-A4A2-E3F7501C8BEA}.Debug|x86.ActiveCfg = Release|Win32
		{FC047E85-1CAF-4668-A4A2-E3F7501C8BEA}.Release|ARM.ActiveCfg = Release|Win32
		{FC047E85-1CAF-4668-A4A2-E3F7501C8BEA}.Release|ARM64.ActiveCfg = Release|Win32
		{FC047E85-1CAF-4668-A4A2-E3F7501C8BEA}.Release|x64.ActiveCfg = Release|x64
		{FC047E85-1CAF-4668-A4A2-E3F7501C8BEA}.Release|x64.Build.0 = Release|x64
		{FC047E85-1CAF-4668-A4A2-E3F7501C8BEA}.Release|x86.ActiveCfg = Release|Win32
		{FC047E85-1CAF-4668-A4A2-E3F7501C8BEA}.Release|x86.Build.0 = Release|Win32
		{FC047E85-1CAF-4668-A4A2-E3F7501C8BEA}.Win10 Debug|ARM.ActiveCfg = Release|Win32
		{FC047E85-1CAF-4668-A4A2-E3F7501C8BEA}.Win10 Debug|ARM.Build.0 = Release|Win32
		{FC047E85-1CAF-4668-A4A2-E3F7501C8BEA}.Win10 Debug|ARM64.ActiveCfg = Release|Win32
		{FC047E85-1CAF-4668-A4A2-E3F7501C8BEA}.Win10 Debug|ARM64.Build.0 = Release|Win32
		{FC047E85-1CAF-4668-A4A2-E3F7501C8BEA}.Win10 Debug|x64.ActiveCfg = Release|x64
		{FC047E85-1CAF-4668-A4A2-E3F7501C8BEA}.Win10 Debug|x86.ActiveCfg = Release|Win32
		{FC047E85-1CAF-4668-A4A2-E3F7501C8BEA}.Win10 Release|ARM.ActiveCfg = Release|Win32
		{FC047E85-1CAF-4668-A4A2-E3F7501C8BEA}.Win10 Release|ARM.Build.0 = Release|Win32
		{FC047E85-1CAF-4668-A4A2-E3F7501C8BEA}.Win10 Release|ARM64.ActiveCfg = Release|Win32
		{FC047E85-1CAF-4668-A4A2-E3F7501C8BEA}.Win10 Release|ARM64.Build.0 = Release|Win32
		{FC047E85-1CAF-4668-A4A2-E3F7501C8BEA}.Win10 Release|x64.ActiveCfg = Release|x64
		{FC047E85-1CAF-4668-A4A2-E3F7501C8BEA}.Win10 Release|x64.Build.0 = Release|x64
		{FC047E85-1CAF-4668-A4A2-E3F7501C8BEA}.Win10 Release|x86.ActiveCfg = Release|Win32
		{FC047E85-1CAF-4668-A4A2-E3F7501C8BEA}.Win10 Release|x86.Build.0 = Release|Win32
		{FC047E85-1CAF-4668-A4A2-E3F7501C8BEA}.Win7 Debug|ARM.ActiveCfg = Release|Win32
		{FC047E85-1CAF-4668-A4A2-E3F7501C8BEA}.Win7 Debug|ARM.Build.0 = Release|Win32
		{FC047E85-1CAF-4668-A4A2-E3F7501C8BEA}.Win7 Debug|ARM64.ActiveCfg = Release|Win32
		{FC047E85-1CAF-4668-A4A2-E3F7501C8BEA}.Win7 Debug|ARM64.Build.0 = Release|Win32
		{FC047E85-1CAF-4668-A4A2-E3F7501C8BEA}.Win7 Debug|x64.ActiveCfg = Release|x64
		{FC047E85-1CAF-4668-A4A2-E3F7501C8BEA}.Win7 Debug|x86.ActiveCfg = Release|Win32
		{413FDE8A-1144-4C1B-B6FD-354227A78848}.Debug|ARM.ActiveCfg = Debug|Win32
		{413FDE8A-1144-4C1B-B6FD-354227A78848}.Debug|ARM64.ActiveCfg = Debug|Win32
		{413FDE8A-1144-4C1B-B6FD-354227A78848}.Debug|x64.ActiveCfg = Debug|x64
		{413FDE8A-1144-4C1B-B6FD-354227A78848}.Debug|x64.Build.0 = Debug|x64
		{413FDE8A-1144-4C1B-B6FD-354227A78848}.Debug|x86.ActiveCfg = Debug|Win32
		{413FDE8A-1144-4C1B-B6FD-354227A78848}.Debug|x86.Build.0 = Debug|Win32
		{413FDE8A-1144-4C1B-B6FD-354227A78848}.Release|ARM.ActiveCfg = Release|Win32
		{413FDE8A-1144-4C1B-B6FD-354227A78848}.Release|ARM64.ActiveCfg = Release|Win32
		{413FDE8A-1144-4C1B-B6FD-354227A78848}.Release|x64.ActiveCfg = Release|x64
		{413FDE8A-1144-4C1B-B6FD-354227A78848}.Release|x64.Build.0 = Release|x64
		{413FDE8A-1144-4C1B-B6FD-354227A78848}.Release|x86.ActiveCfg = Release|Win32
		{413FDE8A-1144-4C1B-B6FD-354227A78848}.Release|x86.Build.0 = Release|Win32
		{413FDE8A-1144-4C1B-B6FD-354227A78848}.Win10 Debug|ARM.ActiveCfg = Release|Win32
		{413FDE8A-1144-4C1B-B6FD-354227A78848}.Win10 Debug|ARM.Build.0 = Release|Win32
		{413FDE8A-1144-4C1B-B6FD-354227A78848}.Win10 Debug|ARM64.ActiveCfg = Release|Win32
		{413FDE8A-1144-4C1B-B6FD-354227A78848}.Win10 Debug|ARM64.Build.0 = Release|Win32
		{413FDE8A-1144-4C1B-B6FD-354227A78848}.Win10 Debug|x64.ActiveCfg = Debug|x64
		{413FDE8A-1144-4C1B-B6FD-354227A78848}.Win10 Debug|x64.Build.0 = Debug|x64
		{413FDE8A-1144-4C1B-B6FD-354227A78848}.Win10 Debug|x86.ActiveCfg = Debug|Win32
		{413FDE8A-1144-4C1B-B6FD-354227A78848}.Win10 Debug|x86.Build.0 = Debug|Win32
		{413FDE8A-1144-4C1B-B6FD-354227A78848}.Win10 Release|ARM.ActiveCfg = Release|Win32
		{413FDE8A-1144-4C1B-B6FD-354227A78848}.Win10 Release|ARM.Build.0 = Release|Win32
		{413FDE8A-1144-4C1B-B6FD-354227A78848}.Win10 Release|ARM64.ActiveCfg = Release|Win32
		{413FDE8A-1144-4C1B-B6FD-354227A78848}.Win10 Release|ARM64.Build.0 = Release|Win32
		{413FDE8A-1144-4C1B-B6FD-354227A78848}.Win10 Release|x64.ActiveCfg = Release|x64
		{413FDE8A-1144-4C1B-B6FD-354227A78848}.Win10 Release|x64.Build.0 = Release|x64
		{413FDE8A-1144-4C1B-B6FD-354227A78848}.Win10 Release|x86.ActiveCfg = Release|Win32
		{413FDE8A-1144-4C1B-B6FD-354227A78848}.Win10 Release|x86.Build.0 = Release|Win32
		{413FDE8A-1144-4C1B-B6FD-354227A78848}.Win7 Debug|ARM.ActiveCfg = Release|Win32
		{413FDE8A-1144-4C1B-B6FD-354227A78848}.Win7 Debug|ARM.Build.0 = Release|Win32
		{413FDE8A-1144-4C1B-B6FD-354227A78848}.Win7 Debug|ARM64.ActiveCfg = Release|Win32
		{413FDE8A-1144-4C1B-B6FD-354227A78848}.Win7 Debug|ARM64.Build.0 = Release|Win32
		{413FDE8A-1144-4C1B-B6FD-354227A78848}.Win7 Debug|x64.ActiveCfg = Debug|x64
		{413FDE8A-1144-4C1B-B6FD-354227A78848}.Win7 Debug|x64.Build.0 = Debug|x64
		{413FDE8A-1144-4C1B-B6FD-354227A78848}.Win7 Debug|x86.ActiveCfg = Debug|Win32
		{413FDE8A-1144-4C1B-B6FD-354227A78848}.Win7 Debug|x86.Build.0 = Debug|Win32
		{105B7E21-03C4-414D-A060-5AABB4D708FE}.Debug|ARM.ActiveCfg = Debug|Win32
		{105B7E21-03C4-414D-A060-5AABB4D708FE}.Debug|ARM64.ActiveCfg = Debug|Win32
		{105B7E21-03C4-414D-A060-5AABB4D708FE}.Debug|x64.ActiveCfg = Debug|x64
		{105B7E21-03C4-414D-A060-5AABB4D708FE}.Debug|x64.Build.0 = Debug|x64
		{105B7E21-03C4-414D-A060-5AABB4D708FE}.Debug|x86.ActiveCfg = Debug|Win32
		{105B7E21-03C4-414D-A060-5AABB4D708FE}.Debug|x86.Build.0 = Debug|Win32
		{105B7E21-03C4-414D-A060-5AABB4D708FE}.Release|ARM.ActiveCfg = Release|Win32
		{105B7E21-03C4-414D-A060-5AABB4D708FE}.Release|ARM64.ActiveCfg = Release|Win32
		{105B7E21-03C4-414D-A060-5AABB4D708FE}.Release|x64.ActiveCfg = Release|x64
		{105B7E21-03C4-414D-A060-5AABB4D708FE}.Release|x64.Build.0 = Release|x64
		{105B7E21-03C4-414D-A060-5AABB4D708FE}.Release|x86.ActiveCfg = Release|Win32
		{105B7E21-03C4-414D-A060-5AABB4D708FE}.Release|x86.Build.0 = Release|Win32
		{105B7E21-03C4-414D-A060-5AABB4D708FE}.Win10 Debug|ARM.ActiveCfg = Release|Win32
		{105B7E21-03C4-414D-A060-5AABB4D708FE}.Win10 Debug|ARM.Build.0 = Release|Win32
		{105B7E21-03C4-414D-A060-5AABB4D708FE}.Win10 Debug|ARM64.ActiveCfg = Release|Win32
		{105B7E21-03C4-414D-A060-5AABB4D708FE}.Win10 Debug|ARM64.Build.0 = Release|Win32
		{105B7E21-03C4-414D-A060-5AABB4D708FE}.Win10 Debug|x64.ActiveCfg = Debug|x64
		{105B7E21-03C4-414D-A060-5AABB4D708FE}.Win10 Debug|x64.Build.0 = Debug|x64
		{105B7E21-03C4-414D-A060-5AABB4D708FE}.Win10 Debug|x86.ActiveCfg = Debug|Win32
		{105B7E21-03C4-414D-A060-5AABB4D708FE}.Win10 Debug|x86.Build.0 = Debug|Win32
		{105B7E21-03C4-414D-A060-5AABB4D708FE}.Win10 Release|ARM.ActiveCfg = Release|Win32
		{105B7E21-03C4-414D-A060-5AABB4D708FE}.Win10 Release|ARM.Build.0 = Release|Win32
		{105B7E21-03C4-414D-A060-5AABB4D708FE}.Win10 Release|ARM64.ActiveCfg = Release|Win32
		{105B7E21-03C4-414D-A060-5AABB4D708FE}.Win10 Release|ARM64.Build.0 = Release|Win32
		{105B7E21-03C4-414D-A060-5AABB4D708FE}.Win10 Release|x64.ActiveCfg = Release|x64
		{105B7E21-03C4-414D-A060-5AABB4D708FE}.Win10 Release|x64.Build.0 = Release|x64
		{105B7E21-03C4-414D-A060-5AABB4D708FE}.Win10 Release|x86.ActiveCfg = Release|Win32
		{105B7E21-03C4-414D-A060-5AABB4D708FE}.Win10 Release|x86.Build.0 = Release|Win32
		{105B7E21-03C4-414D-A060-5AABB4D708FE}.Win7 Debug|ARM.ActiveCfg = Release|Win32
		{105B7E21-03C4-414D-A060-5AABB4D708FE}.Win7 Debug|ARM.Build.0 = Release|Win32
		{105B7E21-03C4-414D-A060-5AABB4D708FE}.Win7 Debug|ARM64.ActiveCfg = Release|Win32
		{105B7E21-03C4-414D-A060-5AABB4D708FE}.Win7 Debug|ARM64.Build.0 = Release|Win32
		{105B7E21-03C4-414D-A060-5AABB4D708FE}.Win7 Debug|x64.ActiveCfg = Debug|x64
		{105B7E21-03C4-414D-A060-5AABB4D708FE}.Win7 Debug|x64.Build.0 = Debug|x64
		{105B7E21-03C4-414D-A060-5AABB4D708FE}.Win7 Debug|x86.ActiveCfg = Debug|Win32
		{105B7E21-03C4-414D-A060-5AABB4D708FE}.Win7 Debug|x86.Build.0 = Debug|Win32
		{C26EF961-AABF-4107-BD02-C4D5CAF155D8}.Debug|ARM.ActiveCfg = Debug|ARM
		{C26EF961-AABF-4107-BD02-C4D5CAF155D8}.Debug|ARM.Build.0 = Debug|ARM
		{C26EF961-AABF-4107-BD02-C4D5CAF155D8}.Debug|ARM.Deploy.0 = Debug|ARM
		{C26EF961-AABF-4107-BD02-C4D5CAF155D8}.Debug|ARM64.ActiveCfg = Debug|ARM64
		{C26EF961-AABF-4107-BD02-C4D5CAF155D8}.Debug|ARM64.Build.0 = Debug|ARM64
		{C26EF961-AABF-4107-BD02-C4D5CAF155D8}.Debug|ARM64.Deploy.0 = Debug|ARM64
		{C26EF961-AABF-4107-BD02-C4D5CAF155D8}.Debug|x64.ActiveCfg = Debug|x64
		{C26EF961-AABF-4107-BD02-C4D5CAF155D8}.Debug|x64.Build.0 = Debug|x64
		{C26EF961-AABF-4107-BD02-C4D5CAF155D8}.Debug|x64.Deploy.0 = Debug|x64
		{C26EF961-AABF-4107-BD02-C4D5CAF155D8}.Debug|x86.ActiveCfg = Debug|Win32
		{C26EF961-AABF-4107-BD02-C4D5CAF155D8}.Debug|x86.Build.0 = Debug|Win32
		{C26EF961-AABF-4107-BD02-C4D5CAF155D8}.Debug|x86.Deploy.0 = Debug|Win32
		{C26EF961-AABF-4107-BD02-C4D5CAF155D8}.Release|ARM.ActiveCfg = Release|ARM
		{C26EF961-AABF-4107-BD02-C4D5CAF155D8}.Release|ARM.Build.0 = Release|ARM
		{C26EF961-AABF-4107-BD02-C4D5CAF155D8}.Release|ARM.Deploy.0 = Release|ARM
		{C26EF961-AABF-4107-BD02-C4D5CAF155D8}.Release|ARM64.ActiveCfg = Release|ARM64
		{C26EF961-AABF-4107-BD02-C4D5CAF155D8}.Release|ARM64.Build.0 = Release|ARM64
		{C26EF961-AABF-4107-BD02-C4D5CAF155D8}.Release|ARM64.Deploy.0 = Release|ARM64
		{C26EF961-AABF-4107-BD02-C4D5CAF155D8}.Release|x64.ActiveCfg = Release|x64
		{C26EF961-AABF-4107-BD02-C4D5CAF155D8}.Release|x64.Build.0 = Release|x64
		{C26EF961-AABF-4107-BD02-C4D5CAF155D8}.Release|x64.Deploy.0 = Release|x64
		{C26EF961-AABF-4107-BD02-C4D5CAF155D8}.Release|x86.ActiveCfg = Release|Win32
		{C26EF961-AABF-4107-BD02-C4D5CAF155D8}.Release|x86.Build.0 = Release|Win32
		{C26EF961-AABF-4107-BD02-C4D5CAF155D8}.Release|x86.Deploy.0 = Release|Win32
		{C26EF961-AABF-4107-BD02-C4D5CAF155D8}.Win10 Debug|ARM.ActiveCfg = Win10 Debug|ARM
		{C26EF961-AABF-4107-BD02-C4D5CAF155D8}.Win10 Debug|ARM.Build.0 = Win10 Debug|ARM
		{C26EF961-AABF-4107-BD02-C4D5CAF155D8}.Win10 Debug|ARM.Deploy.0 = Win10 Debug|ARM
		{C26EF961-AABF-4107-BD02-C4D5CAF155D8}.Win10 Debug|ARM64.ActiveCfg = Win10 Debug|ARM64
		{C26EF961-AABF-4107-BD02-C4D5CAF155D8}.Win10 Debug|ARM64.Build.0 = Win10 Debug|ARM64
		{C26EF961-AABF-4107-BD02-C4D5CAF155D8}.Win10 Debug|ARM64.Deploy.0 = Win10 Debug|ARM64
		{C26EF961-AABF-4107-BD02-C4D5CAF155D8}.Win10 Debug|x64.ActiveCfg = Win10 Debug|x64
		{C26EF961-AABF-4107-BD02-C4D5CAF155D8}.Win10 Debug|x64.Build.0 = Win10 Debug|x64
		{C26EF961-AABF-4107-BD02-C4D5CAF155D8}.Win10 Debug|x64.Deploy.0 = Win10 Debug|x64
		{C26EF961-AABF-4107-BD02-C4D5CAF155D8}.Win10 Debug|x86.ActiveCfg = Win10 Debug|Win32
		{C26EF961-AABF-4107-BD02-C4D5CAF155D8}.Win10 Debug|x86.Build.0 = Win10 Debug|Win32
		{C26EF961-AABF-4107-BD02-C4D5CAF155D8}.Win10 Debug|x86.Deploy.0 = Win10 Debug|Win32
		{C26EF961-AABF-4107-BD02-C4D5CAF155D8}.Win10 Release|ARM.ActiveCfg = Win10 Release|ARM
		{C26EF961-AABF-4107-BD02-C4D5CAF155D8}.Win10 Release|ARM.Build.0 = Win10 Release|ARM
		{C26EF961-AABF-4107-BD02-C4D5CAF155D8}.Win10 Release|ARM.Deploy.0 = Win10 Release|ARM
		{C26EF961-AABF-4107-BD02-C4D5CAF155D8}.Win10 Release|ARM64.ActiveCfg = Win10 Release|ARM64
		{C26EF961-AABF-4107-BD02-C4D5CAF155D8}.Win10 Release|ARM64.Build.0 = Win10 Release|ARM64
		{C26EF961-AABF-4107-BD02-C4D5CAF155D8}.Win10 Release|ARM64.Deploy.0 = Win10 Release|ARM64
		{C26EF961-AABF-4107-BD02-C4D5CAF155D8}.Win10 Release|x64.ActiveCfg = Win10 Release|x64
		{C26EF961-AABF-4107-BD02-C4D5CAF155D8}.Win10 Release|x64.Build.0 = Win10 Release|x64
		{C26EF961-AABF-4107-BD02-C4D5CAF155D8}.Win10 Release|x64.Deploy.0 = Win10 Release|x64
		{C26EF961-AABF-4107-BD02-C4D5CAF155D8}.Win10 Release|x86.ActiveCfg = Win10 Release|Win32
		{C26EF961-AABF-4107-BD02-C4D5CAF155D8}.Win10 Release|x86.Build.0 = Win10 Release|Win32
		{C26EF961-AABF-4107-BD02-C4D5CAF155D8}.Win10 Release|x86.Deploy.0 = Win10 Release|Win32
		{C26EF961-AABF-4107-BD02-C4D5CAF155D8}.Win7 Debug|ARM.ActiveCfg = Win7 Debug|ARM
		{C26EF961-AABF-4107-BD02-C4D5CAF155D8}.Win7 Debug|ARM.Build.0 = Win7 Debug|ARM
		{C26EF961-AABF-4107-BD02-C4D5CAF155D8}.Win7 Debug|ARM.Deploy.0 = Win7 Debug|ARM
		{C26EF961-AABF-4107-BD02-C4D5CAF155D8}.Win7 Debug|ARM64.ActiveCfg = Win7 Debug|ARM64
		{C26EF961-AABF-4107-BD02-C4D5CAF155D8}.Win7 Debug|ARM64.Build.0 = Win7 Debug|ARM64
		{C26EF961-AABF-4107-BD02-C4D5CAF155D8}.Win7 Debug|ARM64.Deploy.0 = Win7 Debug|ARM64
		{C26EF961-AABF-4107-BD02-C4D5CAF155D8}.Win7 Debug|x64.ActiveCfg = Win7 Debug|x64
		{C26EF961-AABF-4107-BD02-C4D5CAF155D8}.Win7 Debug|x64.Build.0 = Win7 Debug|x64
		{C26EF961-AABF-4107-BD02-C4D5CAF155D8}.Win7 Debug|x64.Deploy.0 = Win7 Debug|x64
		{C26EF961-AABF-4107-BD02-C4D5CAF155D8}.Win7 Debug|x86.ActiveCfg = Win7 Debug|Win32
		{C26EF961-AABF-4107-BD02-C4D5CAF155D8}.Win7 Debug|x86.Build.0 = Win7 Debug|Win32
		{C26EF961-AABF-4107-BD02-C4D5CAF155D8}.Win7 Debug|x86.Deploy.0 = Win7 Debug|Win32
		{6D281073-FCA3-45A1-935A-1604CEDBBE79}.Debug|ARM.ActiveCfg = Debug|ARM
		{6D281073-FCA3-45A1-935A-1604CEDBBE79}.Debug|ARM.Build.0 = Debug|ARM
		{6D281073-FCA3-45A1-935A-1604CEDBBE79}.Debug|ARM.Deploy.0 = Debug|ARM
		{6D281073-FCA3-45A1-935A-1604CEDBBE79}.Debug|ARM64.ActiveCfg = Debug|ARM64
		{6D281073-FCA3-45A1-935A-1604CEDBBE79}.Debug|ARM64.Build.0 = Debug|ARM64
		{6D281073-FCA3-45A1-935A-1604CEDBBE79}.Debug|ARM64.Deploy.0 = Debug|ARM64
		{6D281073-FCA3-45A1-935A-1604CEDBBE79}.Debug|x64.ActiveCfg = Debug|x64
		{6D281073-FCA3-45A1-935A-1604CEDBBE79}.Debug|x64.Build.0 = Debug|x64
		{6D281073-FCA3-45A1-935A-1604CEDBBE79}.Debug|x64.Deploy.0 = Debug|x64
		{6D281073-FCA3-45A1-935A-1604CEDBBE79}.Debug|x86.ActiveCfg = Debug|Win32
		{6D281073-FCA3-45A1-935A-1604CEDBBE79}.Debug|x86.Build.0 = Debug|Win32
		{6D281073-FCA3-45A1-935A-1604CEDBBE79}.Debug|x86.Deploy.0 = Debug|Win32
		{6D281073-FCA3-45A1-935A-1604CEDBBE79}.Release|ARM.ActiveCfg = Release|ARM
		{6D281073-FCA3-45A1-935A-1604CEDBBE79}.Release|ARM.Build.0 = Release|ARM
		{6D281073-FCA3-45A1-935A-1604CEDBBE79}.Release|ARM.Deploy.0 = Release|ARM
		{6D281073-FCA3-45A1-935A-1604CEDBBE79}.Release|ARM64.ActiveCfg = Release|ARM64
		{6D281073-FCA3-45A1-935A-1604CEDBBE79}.Release|ARM64.Build.0 = Release|ARM64
		{6D281073-FCA3-45A1-935A-1604CEDBBE79}.Release|ARM64.Deploy.0 = Release|ARM64
		{6D281073-FCA3-45A1-935A-1604CEDBBE79}.Release|x64.ActiveCfg = Release|x64
		{6D281073-FCA3-45A1-935A-1604CEDBBE79}.Release|x64.Build.0 = Release|x64
		{6D281073-FCA3-45A1-935A-1604CEDBBE79}.Release|x64.Deploy.0 = Release|x64
		{6D281073-FCA3-45A1-935A-1604CEDBBE79}.Release|x86.ActiveCfg = Release|Win32
		{6D281073-FCA3-45A1-935A-1604CEDBBE79}.Release|x86.Build.0 = Release|Win32
		{6D281073-FCA3-45A1-935A-1604CEDBBE79}.Release|x86.Deploy.0 = Release|Win32
		{6D281073-FCA3-45A1-935A-1604CEDBBE79}.Win10 Debug|ARM.ActiveCfg = Debug|ARM
		{6D281073-FCA3-45A1-935A-1604CEDBBE79}.Win10 Debug|ARM.Build.0 = Debug|ARM
		{6D281073-FCA3-45A1-935A-1604CEDBBE79}.Win10 Debug|ARM.Deploy.0 = Debug|ARM
		{6D281073-FCA3-45A1-935A-1604CEDBBE79}.Win10 Debug|ARM64.ActiveCfg = Debug|ARM64
		{6D281073-FCA3-45A1-935A-1604CEDBBE79}.Win10 Debug|ARM64.Build.0 = Debug|ARM64
		{6D281073-FCA3-45A1-935A-1604CEDBBE79}.Win10 Debug|ARM64.Deploy.0 = Debug|ARM64
		{6D281073-FCA3-45A1-935A-1604CEDBBE79}.Win10 Debug|x64.ActiveCfg = Debug|x64
		{6D281073-FCA3-45A1-935A-1604CEDBBE79}.Win10 Debug|x64.Build.0 = Debug|x64
		{6D281073-FCA3-45A1-935A-1604CEDBBE79}.Win10 Debug|x64.Deploy.0 = Debug|x64
		{6D281073-FCA3-45A1-935A-1604CEDBBE79}.Win10 Debug|x86.ActiveCfg = Debug|Win32
		{6D281073-FCA3-45A1-935A-1604CEDBBE79}.Win10 Debug|x86.Build.0 = Debug|Win32
		{6D281073-FCA3-45A1-935A-1604CEDBBE79}.Win10 Debug|x86.Deploy.0 = Debug|Win32
		{6D281073-FCA3-45A1-935A-1604CEDBBE79}.Win10 Release|ARM.ActiveCfg = Release|ARM
		{6D281073-FCA3-45A1-935A-1604CEDBBE79}.Win10 Release|ARM.Build.0 = Release|ARM
		{6D281073-FCA3-45A1-935A-1604CEDBBE79}.Win10 Release|ARM.Deploy.0 = Release|ARM
		{6D281073-FCA3-45A1-935A-1604CEDBBE79}.Win10 Release|ARM64.ActiveCfg = Release|ARM64
		{6D281073-FCA3-45A1-935A-1604CEDBBE79}.Win10 Release|ARM64.Build.0 = Release|ARM64
		{6D281073-FCA3-45A1-935A-1604CEDBBE79}.Win10 Release|ARM64.Deploy.0 = Release|ARM64
		{6D281073-FCA3-45A1-935A-1604CEDBBE79}.Win10 Release|x64.ActiveCfg = Release|x64
		{6D281073-FCA3-45A1-935A-1604CEDBBE79}.Win10 Release|x64.Build.0 = Release|x64
		{6D281073-FCA3-45A1-935A-1604CEDBBE79}.Win10 Release|x64.Deploy.0 = Release|x64
		{6D281073-FCA3-45A1-935A-1604CEDBBE79}.Win10 Release|x86.ActiveCfg = Release|Win32
		{6D281073-FCA3-45A1-935A-1604CEDBBE79}.Win10 Release|x86.Build.0 = Release|Win32
		{6D281073-FCA3-45A1-935A-1604CEDBBE79}.Win10 Release|x86.Deploy.0 = Release|Win32
		{6D281073-FCA3-45A1-935A-1604CEDBBE79}.Win7 Debug|ARM.ActiveCfg = Debug|ARM
		{6D281073-FCA3-45A1-935A-1604CEDBBE79}.Win7 Debug|ARM.Build.0 = Debug|ARM
		{6D281073-FCA3-45A1-935A-1604CEDBBE79}.Win7 Debug|ARM.Deploy.0 = Debug|ARM
		{6D281073-FCA3-45A1-935A-1604CEDBBE79}.Win7 Debug|ARM64.ActiveCfg = Debug|ARM64
		{6D281073-FCA3-45A1-935A-1604CEDBBE79}.Win7 Debug|ARM64.Build.0 = Debug|ARM64
		{6D281073-FCA3-45A1-935A-1604CEDBBE79}.Win7 Debug|ARM64.Deploy.0 = Debug|ARM64
		{6D281073-FCA3-45A1-935A-1604CEDBBE79}.Win7 Debug|x64.ActiveCfg = Debug|x64
		{6D281073-FCA3-45A1-935A-1604CEDBBE79}.Win7 Debug|x64.Build.0 = Debug|x64
		{6D281073-FCA3-45A1-935A-1604CEDBBE79}.Win7 Debug|x64.Deploy.0 = Debug|x64
		{6D281073-FCA3-45A1-935A-1604CEDBBE79}.Win7 Debug|x86.ActiveCfg = Debug|Win32
		{6D281073-FCA3-45A1-935A-1604CEDBBE79}.Win7 Debug|x86.Build.0 = Debug|Win32
		{6D281073-FCA3-45A1-935A-1604CEDBBE79}.Win7 Debug|x86.Deploy.0 = Debug|Win32
		{B41C66E0-04F8-4049-B41F-5A0D15B1DAD7}.Debug|ARM.ActiveCfg = Debug|ARM
		{B41C66E0-04F8-4049-B41F-5A0D15B1DAD7}.Debug|ARM.Build.0 = Debug|ARM
		{B41C66E0-04F8-4049-B41F-5A0D15B1DAD7}.Debug|ARM.Deploy.0 = Debug|ARM
		{B41C66E0-04F8-4049-B41F-5A0D15B1DAD7}.Debug|ARM64.ActiveCfg = Debug|ARM64
		{B41C66E0-04F8-4049-B41F-5A0D15B1DAD7}.Debug|ARM64.Build.0 = Debug|ARM64
		{B41C66E0-04F8-4049-B41F-5A0D15B1DAD7}.Debug|ARM64.Deploy.0 = Debug|ARM64
		{B41C66E0-04F8-4049-B41F-5A0D15B1DAD7}.Debug|x64.ActiveCfg = Debug|x64
		{B41C66E0-04F8-4049-B41F-5A0D15B1DAD7}.Debug|x64.Build.0 = Debug|x64
		{B41C66E0-04F8-4049-B41F-5A0D15B1DAD7}.Debug|x64.Deploy.0 = Debug|x64
		{B41C66E0-04F8-4049-B41F-5A0D15B1DAD7}.Debug|x86.ActiveCfg = Debug|Win32
		{B41C66E0-04F8-4049-B41F-5A0D15B1DAD7}.Debug|x86.Build.0 = Debug|Win32
		{B41C66E0-04F8-4049-B41F-5A0D15B1DAD7}.Debug|x86.Deploy.0 = Debug|Win32
		{B41C66E0-04F8-4049-B41F-5A0D15B1DAD7}.Release|ARM.ActiveCfg = Release|ARM
		{B41C66E0-04F8-4049-B41F-5A0D15B1DAD7}.Release|ARM.Build.0 = Release|ARM
		{B41C66E0-04F8-4049-B41F-5A0D15B1DAD7}.Release|ARM.Deploy.0 = Release|ARM
		{B41C66E0-04F8-4049-B41F-5A0D15B1DAD7}.Release|ARM64.ActiveCfg = Release|ARM64
		{B41C66E0-04F8-4049-B41F-5A0D15B1DAD7}.Release|ARM64.Build.0 = Release|ARM64
		{B41C66E0-04F8-4049-B41F-5A0D15B1DAD7}.Release|ARM64.Deploy.0 = Release|ARM64
		{B41C66E0-04F8-4049-B41F-5A0D15B1DAD7}.Release|x64.ActiveCfg = Release|x64
		{B41C66E0-04F8-4049-B41F-5A0D15B1DAD7}.Release|x64.Build.0 = Release|x64
		{B41C66E0-04F8-4049-B41F-5A0D15B1DAD7}.Release|x64.Deploy.0 = Release|x64
		{B41C66E0-04F8-4049-B41F-5A0D15B1DAD7}.Release|x86.ActiveCfg = Release|Win32
		{B41C66E0-04F8-4049-B41F-5A0D15B1DAD7}.Release|x86.Build.0 = Release|Win32
		{B41C66E0-04F8-4049-B41F-5A0D15B1DAD7}.Release|x86.Deploy.0 = Release|Win32
		{B41C66E0-04F8-4049-B41F-5A0D15B1DAD7}.Win10 Debug|ARM.ActiveCfg = Debug|ARM
		{B41C66E0-04F8-4049-B41F-5A0D15B1DAD7}.Win10 Debug|ARM.Build.0 = Debug|ARM
		{B41C66E0-04F8-4049-B41F-5A0D15B1DAD7}.Win10 Debug|ARM.Deploy.0 = Debug|ARM
		{B41C66E0-04F8-4049-B41F-5A0D15B1DAD7}.Win10 Debug|ARM64.ActiveCfg = Debug|ARM64
		{B41C66E0-04F8-4049-B41F-5A0D15B1DAD7}.Win10 Debug|ARM64.Build.0 = Debug|ARM64
		{B41C66E0-04F8-4049-B41F-5A0D15B1DAD7}.Win10 Debug|ARM64.Deploy.0 = Debug|ARM64
		{B41C66E0-04F8-4049-B41F-5A0D15B1DAD7}.Win10 Debug|x64.ActiveCfg = Debug|x64
		{B41C66E0-04F8-4049-B41F-5A0D15B1DAD7}.Win10 Debug|x64.Build.0 = Debug|x64
		{B41C66E0-04F8-4049-B41F-5A0D15B1DAD7}.Win10 Debug|x64.Deploy.0 = Debug|x64
		{B41C66E0-04F8-4049-B41F-5A0D15B1DAD7}.Win10 Debug|x86.ActiveCfg = Debug|Win32
		{B41C66E0-04F8-4049-B41F-5A0D15B1DAD7}.Win10 Debug|x86.Build.0 = Debug|Win32
		{B41C66E0-04F8-4049-B41F-5A0D15B1DAD7}.Win10 Debug|x86.Deploy.0 = Debug|Win32
		{B41C66E0-04F8-4049-B41F-5A0D15B1DAD7}.Win10 Release|ARM.ActiveCfg = Release|ARM
		{B41C66E0-04F8-4049-B41F-5A0D15B1DAD7}.Win10 Release|ARM.Build.0 = Release|ARM
		{B41C66E0-04F8-4049-B41F-5A0D15B1DAD7}.Win10 Release|ARM.Deploy.0 = Release|ARM
		{B41C66E0-04F8-4049-B41F-5A0D15B1DAD7}.Win10 Release|ARM64.ActiveCfg = Release|ARM64
		{B41C66E0-04F8-4049-B41F-5A0D15B1DAD7}.Win10 Release|ARM64.Build.0 = Release|ARM64
		{B41C66E0-04F8-4049-B41F-5A0D15B1DAD7}.Win10 Release|ARM64.Deploy.0 = Release|ARM64
		{B41C66E0-04F8-4049-B41F-5A0D15B1DAD7}.Win10 Release|x64.ActiveCfg = Release|x64
		{B41C66E0-04F8-4049-B41F-5A0D15B1DAD7}.Win10 Release|x64.Build.0 = Release|x64
		{B41C66E0-04F8-4049-B41F-5A0D15B1DAD7}.Win10 Release|x64.Deploy.0 = Release|x64
		{B41C66E0-04F8-4049-B41F-5A0D15B1DAD7}.Win10 Release|x86.ActiveCfg = Release|Win32
		{B41C66E0-04F8-4049-B41F-5A0D15B1DAD7}.Win10 Release|x86.Build.0 = Release|Win32
		{B41C66E0-04F8-4049-B41F-5A0D15B1DAD7}.Win10 Release|x86.Deploy.0 = Release|Win32
		{B41C66E0-04F8-4049-B41F-5A0D15B1DAD7}.Win7 Debug|ARM.ActiveCfg = Debug|ARM
		{B41C66E0-04F8-4049-B41F-5A0D15B1DAD7}.Win7 Debug|ARM.Build.0 = Debug|ARM
		{B41C66E0-04F8-4049-B41F-5A0D15B1DAD7}.Win7 Debug|ARM.Deploy.0 = Debug|ARM
		{B41C66E0-04F8-4049-B41F-5A0D15B1DAD7}.Win7 Debug|ARM64.ActiveCfg = Debug|ARM64
		{B41C66E0-04F8-4049-B41F-5A0D15B1DAD7}.Win7 Debug|ARM64.Build.0 = Debug|ARM64
		{B41C66E0-04F8-4049-B41F-5A0D15B1DAD7}.Win7 Debug|ARM64.Deploy.0 = Debug|ARM64
		{B41C66E0-04F8-4049-B41F-5A0D15B1DAD7}.Win7 Debug|x64.ActiveCfg = Debug|x64
		{B41C66E0-04F8-4049-B41F-5A0D15B1DAD7}.Win7 Debug|x64.Build.0 = Debug|x64
		{B41C66E0-04F8-4049-B41F-5A0D15B1DAD7}.Win7 Debug|x64.Deploy.0 = Debug|x64
		{B41C66E0-04F8-4049-B41F-5A0D15B1DAD7}.Win7 Debug|x86.ActiveCfg = Debug|Win32
		{B41C66E0-04F8-4049-B41F-5A0D15B1DAD7}.Win7 Debug|x86.Build.0 = Debug|Win32
		{B41C66E0-04F8-4049-B41F-5A0D15B1DAD7}.Win7 Debug|x86.Deploy.0 = Debug|Win32
	EndGlobalSection
	GlobalSection(SolutionProperties) = preSolution
		HideSolutionNode = FALSE
	EndGlobalSection
	GlobalSection(ExtensibilityGlobals) = postSolution
		SolutionGuid = {870DC2F1-666E-444E-B94E-10E273A97C34}
	EndGlobalSection
EndGlobal
